
Microsoft Visual Studio Solution File, Format Version 12.00
# Visual Studio Version 16
VisualStudioVersion = 16.0.30717.126
MinimumVisualStudioVersion = 10.0.40219.1
Project("{FAE04EC0-301F-11D3-BF4B-00C04F79EFBC}") = "ConsoleCalculator", "ConsoleCalculator\ConsoleCalculator.csproj", "{18AE0455-410B-42BD-8DC4-9120AB6421B4}"
EndProject
Project("{2150E333-8FDC-42A3-9474-1A3956D46DE8}") = "Solution Items", "Solution Items", "{386DD358-05DD-4A67-8221-67C4CE27E805}"
	ProjectSection(SolutionItems) = preProject
		Notes Exceptions.docx = Notes Exceptions.docx
	EndProjectSection
EndProject
Global
	GlobalSection(SolutionConfigurationPlatforms) = preSolution
		Debug|Any CPU = Debug|Any CPU
		Release|Any CPU = Release|Any CPU
	EndGlobalSection
	GlobalSection(ProjectConfigurationPlatforms) = postSolution
		{18AE0455-410B-42BD-8DC4-9120AB6421B4}.Debug|Any CPU.ActiveCfg = Debug|Any CPU
		{18AE0455-410B-42BD-8DC4-9120AB6421B4}.Debug|Any CPU.Build.0 = Debug|Any CPU
		{18AE0455-410B-42BD-8DC4-9120AB6421B4}.Release|Any CPU.ActiveCfg = Release|Any CPU
		{18AE0455-410B-42BD-8DC4-9120AB6421B4}.Release|Any CPU.Build.0 = Release|Any CPU
	EndGlobalSection
	GlobalSection(SolutionProperties) = preSolution
		HideSolutionNode = FALSE
	EndGlobalSection
	GlobalSection(ExtensibilityGlobals) = postSolution
		SolutionGuid = {62C93B04-9156-4CCC-A90C-7D78A539197C}
	EndGlobalSection
EndGlobal
